// !$*UTF8*$!
{
	archiveVersion = 1;
	classes = {
	};
	objectVersion = 50;
	objects = {

/* Begin PBXBuildFile section */
		8583FC3522F0BFC000057DB8 /* AppDelegate.swift in Sources */ = {isa = PBXBuildFile; fileRef = 8583FC3422F0BFC000057DB8 /* AppDelegate.swift */; };
		8583FC3722F0BFC000057DB8 /* ViewController.swift in Sources */ = {isa = PBXBuildFile; fileRef = 8583FC3622F0BFC000057DB8 /* ViewController.swift */; };
		8583FC3A22F0BFC000057DB8 /* Main.storyboard in Resources */ = {isa = PBXBuildFile; fileRef = 8583FC3822F0BFC000057DB8 /* Main.storyboard */; };
		8583FC3C22F0BFC200057DB8 /* Assets.xcassets in Resources */ = {isa = PBXBuildFile; fileRef = 8583FC3B22F0BFC200057DB8 /* Assets.xcassets */; };
		8583FC3F22F0BFC200057DB8 /* LaunchScreen.storyboard in Resources */ = {isa = PBXBuildFile; fileRef = 8583FC3D22F0BFC200057DB8 /* LaunchScreen.storyboard */; };
		8583FC4A22F0BFC200057DB8 /* colorGuessingGameTests.swift in Sources */ = {isa = PBXBuildFile; fileRef = 8583FC4922F0BFC200057DB8 /* colorGuessingGameTests.swift */; };
		8583FC5522F0BFC200057DB8 /* colorGuessingGameUITests.swift in Sources */ = {isa = PBXBuildFile; fileRef = 8583FC5422F0BFC200057DB8 /* colorGuessingGameUITests.swift */; };
		8583FC6422F0CCEA00057DB8 /* Counter.swift in Sources */ = {isa = PBXBuildFile; fileRef = 8583FC6322F0CCEA00057DB8 /* Counter.swift */; };
/* End PBXBuildFile section */

/* Begin PBXContainerItemProxy section */
		8583FC4622F0BFC200057DB8 /* PBXContainerItemProxy */ = {
			isa = PBXContainerItemProxy;
			containerPortal = 8583FC2922F0BFC000057DB8 /* Project object */;
			proxyType = 1;
			remoteGlobalIDString = 8583FC3022F0BFC000057DB8;
			remoteInfo = colorGuessingGame;
		};
		8583FC5122F0BFC200057DB8 /* PBXContainerItemProxy */ = {
			isa = PBXContainerItemProxy;
			containerPortal = 8583FC2922F0BFC000057DB8 /* Project object */;
			proxyType = 1;
			remoteGlobalIDString = 8583FC3022F0BFC000057DB8;
			remoteInfo = colorGuessingGame;
		};
/* End PBXContainerItemProxy section */

/* Begin PBXFileReference section */
		8583FC3122F0BFC000057DB8 /* colorGuessingGame.app */ = {isa = PBXFileReference; explicitFileType = wrapper.application; includeInIndex = 0; path = colorGuessingGame.app; sourceTree = BUILT_PRODUCTS_DIR; };
		8583FC3422F0BFC000057DB8 /* AppDelegate.swift */ = {isa = PBXFileReference; lastKnownFileType = sourcecode.swift; path = AppDelegate.swift; sourceTree = "<group>"; };
		8583FC3622F0BFC000057DB8 /* ViewController.swift */ = {isa = PBXFileReference; lastKnownFileType = sourcecode.swift; path = ViewController.swift; sourceTree = "<group>"; };
		8583FC3922F0BFC000057DB8 /* Base */ = {isa = PBXFileReference; lastKnownFileType = file.storyboard; name = Base; path = Base.lproj/Main.storyboard; sourceTree = "<group>"; };
		8583FC3B22F0BFC200057DB8 /* Assets.xcassets */ = {isa = PBXFileReference; lastKnownFileType = folder.assetcatalog; path = Assets.xcassets; sourceTree = "<group>"; };
		8583FC3E22F0BFC200057DB8 /* Base */ = {isa = PBXFileReference; lastKnownFileType = file.storyboard; name = Base; path = Base.lproj/LaunchScreen.storyboard; sourceTree = "<group>"; };
		8583FC4022F0BFC200057DB8 /* Info.plist */ = {isa = PBXFileReference; lastKnownFileType = text.plist.xml; path = Info.plist; sourceTree = "<group>"; };
		8583FC4522F0BFC200057DB8 /* colorGuessingGameTests.xctest */ = {isa = PBXFileReference; explicitFileType = wrapper.cfbundle; includeInIndex = 0; path = colorGuessingGameTests.xctest; sourceTree = BUILT_PRODUCTS_DIR; };
		8583FC4922F0BFC200057DB8 /* colorGuessingGameTests.swift */ = {isa = PBXFileReference; lastKnownFileType = sourcecode.swift; path = colorGuessingGameTests.swift; sourceTree = "<group>"; };
		8583FC4B22F0BFC200057DB8 /* Info.plist */ = {isa = PBXFileReference; lastKnownFileType = text.plist.xml; path = Info.plist; sourceTree = "<group>"; };
		8583FC5022F0BFC200057DB8 /* colorGuessingGameUITests.xctest */ = {isa = PBXFileReference; explicitFileType = wrapper.cfbundle; includeInIndex = 0; path = colorGuessingGameUITests.xctest; sourceTree = BUILT_PRODUCTS_DIR; };
		8583FC5422F0BFC200057DB8 /* colorGuessingGameUITests.swift */ = {isa = PBXFileReference; lastKnownFileType = sourcecode.swift; path = colorGuessingGameUITests.swift; sourceTree = "<group>"; };
		8583FC5622F0BFC200057DB8 /* Info.plist */ = {isa = PBXFileReference; lastKnownFileType = text.plist.xml; path = Info.plist; sourceTree = "<group>"; };
		8583FC6322F0CCEA00057DB8 /* Counter.swift */ = {isa = PBXFileReference; lastKnownFileType = sourcecode.swift; path = Counter.swift; sourceTree = "<group>"; };
/* End PBXFileReference section */

/* Begin PBXFrameworksBuildPhase section */
		8583FC2E22F0BFC000057DB8 /* Frameworks */ = {
			isa = PBXFrameworksBuildPhase;
			buildActionMask = 2147483647;
			files = (
			);
			runOnlyForDeploymentPostprocessing = 0;
		};
		8583FC4222F0BFC200057DB8 /* Frameworks */ = {
			isa = PBXFrameworksBuildPhase;
			buildActionMask = 2147483647;
			files = (
			);
			runOnlyForDeploymentPostprocessing = 0;
		};
		8583FC4D22F0BFC200057DB8 /* Frameworks */ = {
			isa = PBXFrameworksBuildPhase;
			buildActionMask = 2147483647;
			files = (
			);
			runOnlyForDeploymentPostprocessing = 0;
		};
/* End PBXFrameworksBuildPhase section */

/* Begin PBXGroup section */
		8583FC2822F0BFC000057DB8 = {
			isa = PBXGroup;
			children = (
				8583FC3322F0BFC000057DB8 /* colorGuessingGame */,
				8583FC4822F0BFC200057DB8 /* colorGuessingGameTests */,
				8583FC5322F0BFC200057DB8 /* colorGuessingGameUITests */,
				8583FC3222F0BFC000057DB8 /* Products */,
			);
			sourceTree = "<group>";
		};
		8583FC3222F0BFC000057DB8 /* Products */ = {
			isa = PBXGroup;
			children = (
				8583FC3122F0BFC000057DB8 /* colorGuessingGame.app */,
				8583FC4522F0BFC200057DB8 /* colorGuessingGameTests.xctest */,
				8583FC5022F0BFC200057DB8 /* colorGuessingGameUITests.xctest */,
			);
			name = Products;
			sourceTree = "<group>";
		};
		8583FC3322F0BFC000057DB8 /* colorGuessingGame */ = {
			isa = PBXGroup;
			children = (
				8583FC6222F0BFD100057DB8 /* Supporting Files */,
				8583FC3822F0BFC000057DB8 /* Main.storyboard */,
				8583FC3622F0BFC000057DB8 /* ViewController.swift */,
				8583FC6322F0CCEA00057DB8 /* Counter.swift */,
				8583FC3B22F0BFC200057DB8 /* Assets.xcassets */,
				8583FC4022F0BFC200057DB8 /* Info.plist */,
			);
			path = colorGuessingGame;
			sourceTree = "<group>";
		};
		8583FC4822F0BFC200057DB8 /* colorGuessingGameTests */ = {
			isa = PBXGroup;
			children = (
				8583FC4922F0BFC200057DB8 /* colorGuessingGameTests.swift */,
				8583FC4B22F0BFC200057DB8 /* Info.plist */,
			);
			path = colorGuessingGameTests;
			sourceTree = "<group>";
		};
		8583FC5322F0BFC200057DB8 /* colorGuessingGameUITests */ = {
			isa = PBXGroup;
			children = (
				8583FC5422F0BFC200057DB8 /* colorGuessingGameUITests.swift */,
				8583FC5622F0BFC200057DB8 /* Info.plist */,
			);
			path = colorGuessingGameUITests;
			sourceTree = "<group>";
		};
		8583FC6222F0BFD100057DB8 /* Supporting Files */ = {
			isa = PBXGroup;
			children = (
				8583FC3422F0BFC000057DB8 /* AppDelegate.swift */,
				8583FC3D22F0BFC200057DB8 /* LaunchScreen.storyboard */,
			);
			path = "Supporting Files";
			sourceTree = "<group>";
		};
/* End PBXGroup section */

/* Begin PBXNativeTarget section */
		8583FC3022F0BFC000057DB8 /* colorGuessingGame */ = {
			isa = PBXNativeTarget;
			buildConfigurationList = 8583FC5922F0BFC200057DB8 /* Build configuration list for PBXNativeTarget "colorGuessingGame" */;
			buildPhases = (
				8583FC2D22F0BFC000057DB8 /* Sources */,
				8583FC2E22F0BFC000057DB8 /* Frameworks */,
				8583FC2F22F0BFC000057DB8 /* Resources */,
			);
			buildRules = (
			);
			dependencies = (
			);
			name = colorGuessingGame;
			productName = colorGuessingGame;
			productReference = 8583FC3122F0BFC000057DB8 /* colorGuessingGame.app */;
			productType = "com.apple.product-type.application";
		};
		8583FC4422F0BFC200057DB8 /* colorGuessingGameTests */ = {
			isa = PBXNativeTarget;
			buildConfigurationList = 8583FC5C22F0BFC200057DB8 /* Build configuration list for PBXNativeTarget "colorGuessingGameTests" */;
			buildPhases = (
				8583FC4122F0BFC200057DB8 /* Sources */,
				8583FC4222F0BFC200057DB8 /* Frameworks */,
				8583FC4322F0BFC200057DB8 /* Resources */,
			);
			buildRules = (
			);
			dependencies = (
				8583FC4722F0BFC200057DB8 /* PBXTargetDependency */,
			);
			name = colorGuessingGameTests;
			productName = colorGuessingGameTests;
			productReference = 8583FC4522F0BFC200057DB8 /* colorGuessingGameTests.xctest */;
			productType = "com.apple.product-type.bundle.unit-test";
		};
		8583FC4F22F0BFC200057DB8 /* colorGuessingGameUITests */ = {
			isa = PBXNativeTarget;
			buildConfigurationList = 8583FC5F22F0BFC200057DB8 /* Build configuration list for PBXNativeTarget "colorGuessingGameUITests" */;
			buildPhases = (
				8583FC4C22F0BFC200057DB8 /* Sources */,
				8583FC4D22F0BFC200057DB8 /* Frameworks */,
				8583FC4E22F0BFC200057DB8 /* Resources */,
			);
			buildRules = (
			);
			dependencies = (
				8583FC5222F0BFC200057DB8 /* PBXTargetDependency */,
			);
			name = colorGuessingGameUITests;
			productName = colorGuessingGameUITests;
			productReference = 8583FC5022F0BFC200057DB8 /* colorGuessingGameUITests.xctest */;
			productType = "com.apple.product-type.bundle.ui-testing";
		};
/* End PBXNativeTarget section */

/* Begin PBXProject section */
		8583FC2922F0BFC000057DB8 /* Project object */ = {
			isa = PBXProject;
			attributes = {
				LastSwiftUpdateCheck = 1030;
				LastUpgradeCheck = 1030;
				ORGANIZATIONNAME = EricM;
				TargetAttributes = {
					8583FC3022F0BFC000057DB8 = {
						CreatedOnToolsVersion = 10.3;
					};
					8583FC4422F0BFC200057DB8 = {
						CreatedOnToolsVersion = 10.3;
						TestTargetID = 8583FC3022F0BFC000057DB8;
					};
					8583FC4F22F0BFC200057DB8 = {
						CreatedOnToolsVersion = 10.3;
						TestTargetID = 8583FC3022F0BFC000057DB8;
					};
				};
			};
			buildConfigurationList = 8583FC2C22F0BFC000057DB8 /* Build configuration list for PBXProject "colorGuessingGame" */;
			compatibilityVersion = "Xcode 9.3";
			developmentRegion = en;
			hasScannedForEncodings = 0;
			knownRegions = (
				en,
				Base,
			);
			mainGroup = 8583FC2822F0BFC000057DB8;
			productRefGroup = 8583FC3222F0BFC000057DB8 /* Products */;
			projectDirPath = "";
			projectRoot = "";
			targets = (
				8583FC3022F0BFC000057DB8 /* colorGuessingGame */,
				8583FC4422F0BFC200057DB8 /* colorGuessingGameTests */,
				8583FC4F22F0BFC200057DB8 /* colorGuessingGameUITests */,
			);
		};
/* End PBXProject section */

/* Begin PBXResourcesBuildPhase section */
		8583FC2F22F0BFC000057DB8 /* Resources */ = {
			isa = PBXResourcesBuildPhase;
			buildActionMask = 2147483647;
			files = (
				8583FC3F22F0BFC200057DB8 /* LaunchScreen.storyboard in Resources */,
				8583FC3C22F0BFC200057DB8 /* Assets.xcassets in Resources */,
				8583FC3A22F0BFC000057DB8 /* Main.storyboard in Resources */,
			);
			runOnlyForDeploymentPostprocessing = 0;
		};
		8583FC4322F0BFC200057DB8 /* Resources */ = {
			isa = PBXResourcesBuildPhase;
			buildActionMask = 2147483647;
			files = (
			);
			runOnlyForDeploymentPostprocessing = 0;
		};
		8583FC4E22F0BFC200057DB8 /* Resources */ = {
			isa = PBXResourcesBuildPhase;
			buildActionMask = 2147483647;
			files = (
			);
			runOnlyForDeploymentPostprocessing = 0;
		};
/* End PBXResourcesBuildPhase section */

/* Begin PBXSourcesBuildPhase section */
		8583FC2D22F0BFC000057DB8 /* Sources */ = {
			isa = PBXSourcesBuildPhase;
			buildActionMask = 2147483647;
			files = (
				8583FC3722F0BFC000057DB8 /* ViewController.swift in Sources */,
				8583FC3522F0BFC000057DB8 /* AppDelegate.swift in Sources */,
				8583FC6422F0CCEA00057DB8 /* Counter.swift in Sources */,
			);
			runOnlyForDeploymentPostprocessing = 0;
		};
		8583FC4122F0BFC200057DB8 /* Sources */ = {
			isa = PBXSourcesBuildPhase;
			buildActionMask = 2147483647;
			files = (
				8583FC4A22F0BFC200057DB8 /* colorGuessingGameTests.swift in Sources */,
			);
			runOnlyForDeploymentPostprocessing = 0;
		};
		8583FC4C22F0BFC200057DB8 /* Sources */ = {
			isa = PBXSourcesBuildPhase;
			buildActionMask = 2147483647;
			files = (
				8583FC5522F0BFC200057DB8 /* colorGuessingGameUITests.swift in Sources */,
			);
			runOnlyForDeploymentPostprocessing = 0;
		};
/* End PBXSourcesBuildPhase section */

/* Begin PBXTargetDependency section */
		8583FC4722F0BFC200057DB8 /* PBXTargetDependency */ = {
			isa = PBXTargetDependency;
			target = 8583FC3022F0BFC000057DB8 /* colorGuessingGame */;
			targetProxy = 8583FC4622F0BFC200057DB8 /* PBXContainerItemProxy */;
		};
		8583FC5222F0BFC200057DB8 /* PBXTargetDependency */ = {
			isa = PBXTargetDependency;
			target = 8583FC3022F0BFC000057DB8 /* colorGuessingGame */;
			targetProxy = 8583FC5122F0BFC200057DB8 /* PBXContainerItemProxy */;
		};
/* End PBXTargetDependency section */

/* Begin PBXVariantGroup section */
		8583FC3822F0BFC000057DB8 /* Main.storyboard */ = {
			isa = PBXVariantGroup;
			children = (
				8583FC3922F0BFC000057DB8 /* Base */,
			);
			name = Main.storyboard;
			sourceTree = "<group>";
		};
		8583FC3D22F0BFC200057DB8 /* LaunchScreen.storyboard */ = {
			isa = PBXVariantGroup;
			children = (
				8583FC3E22F0BFC200057DB8 /* Base */,
			);
			name = LaunchScreen.storyboard;
			sourceTree = "<group>";
		};
/* End PBXVariantGroup section */

/* Begin XCBuildConfiguration section */
		8583FC5722F0BFC200057DB8 /* Debug */ = {
			isa = XCBuildConfiguration;
			buildSettings = {
				ALWAYS_SEARCH_USER_PATHS = NO;
				CLANG_ANALYZER_NONNULL = YES;
				CLANG_ANALYZER_NUMBER_OBJECT_CONVERSION = YES_AGGRESSIVE;
				CLANG_CXX_LANGUAGE_STANDARD = "gnu++14";
				CLANG_CXX_LIBRARY = "libc++";
				CLANG_ENABLE_MODULES = YES;
				CLANG_ENABLE_OBJC_ARC = YES;
				CLANG_ENABLE_OBJC_WEAK = YES;
				CLANG_WARN_BLOCK_CAPTURE_AUTORELEASING = YES;
				CLANG_WARN_BOOL_CONVERSION = YES;
				CLANG_WARN_COMMA = YES;
				CLANG_WARN_CONSTANT_CONVERSION = YES;
				CLANG_WARN_DEPRECATED_OBJC_IMPLEMENTATIONS = YES;
				CLANG_WARN_DIRECT_OBJC_ISA_USAGE = YES_ERROR;
				CLANG_WARN_DOCUMENTATION_COMMENTS = YES;
				CLANG_WARN_EMPTY_BODY = YES;
				CLANG_WARN_ENUM_CONVERSION = YES;
				CLANG_WARN_INFINITE_RECURSION = YES;
				CLANG_WARN_INT_CONVERSION = YES;
				CLANG_WARN_NON_LITERAL_NULL_CONVERSION = YES;
				CLANG_WARN_OBJC_IMPLICIT_RETAIN_SELF = YES;
				CLANG_WARN_OBJC_LITERAL_CONVERSION = YES;
				CLANG_WARN_OBJC_ROOT_CLASS = YES_ERROR;
				CLANG_WARN_RANGE_LOOP_ANALYSIS = YES;
				CLANG_WARN_STRICT_PROTOTYPES = YES;
				CLANG_WARN_SUSPICIOUS_MOVE = YES;
				CLANG_WARN_UNGUARDED_AVAILABILITY = YES_AGGRESSIVE;
				CLANG_WARN_UNREACHABLE_CODE = YES;
				CLANG_WARN__DUPLICATE_METHOD_MATCH = YES;
				CODE_SIGN_IDENTITY = "iPhone Developer";
				COPY_PHASE_STRIP = NO;
				DEBUG_INFORMATION_FORMAT = dwarf;
				ENABLE_STRICT_OBJC_MSGSEND = YES;
				ENABLE_TESTABILITY = YES;
				GCC_C_LANGUAGE_STANDARD = gnu11;
				GCC_DYNAMIC_NO_PIC = NO;
				GCC_NO_COMMON_BLOCKS = YES;
				GCC_OPTIMIZATION_LEVEL = 0;
				GCC_PREPROCESSOR_DEFINITIONS = (
					"DEBUG=1",
					"$(inherited)",
				);
				GCC_WARN_64_TO_32_BIT_CONVERSION = YES;
				GCC_WARN_ABOUT_RETURN_TYPE = YES_ERROR;
				GCC_WARN_UNDECLARED_SELECTOR = YES;
				GCC_WARN_UNINITIALIZED_AUTOS = YES_AGGRESSIVE;
				GCC_WARN_UNUSED_FUNCTION = YES;
				GCC_WARN_UNUSED_VARIABLE = YES;
				IPHONEOS_DEPLOYMENT_TARGET = 12.4;
				MTL_ENABLE_DEBUG_INFO = INCLUDE_SOURCE;
				MTL_FAST_MATH = YES;
				ONLY_ACTIVE_ARCH = YES;
				SDKROOT = iphoneos;
				SWIFT_ACTIVE_COMPILATION_CONDITIONS = DEBUG;
				SWIFT_OPTIMIZATION_LEVEL = "-Onone";
			};
			name = Debug;
		};
		8583FC5822F0BFC200057DB8 /* Release */ = {
			isa = XCBuildConfiguration;
			buildSettings = {
				ALWAYS_SEARCH_USER_PATHS = NO;
				CLANG_ANALYZER_NONNULL = YES;
				CLANG_ANALYZER_NUMBER_OBJECT_CONVERSION = YES_AGGRESSIVE;
				CLANG_CXX_LANGUAGE_STANDARD = "gnu++14";
				CLANG_CXX_LIBRARY = "libc++";
				CLANG_ENABLE_MODULES = YES;
				CLANG_ENABLE_OBJC_ARC = YES;
				CLANG_ENABLE_OBJC_WEAK = YES;
				CLANG_WARN_BLOCK_CAPTURE_AUTORELEASING = YES;
				CLANG_WARN_BOOL_CONVERSION = YES;
				CLANG_WARN_COMMA = YES;
				CLANG_WARN_CONSTANT_CONVERSION = YES;
				CLANG_WARN_DEPRECATED_OBJC_IMPLEMENTATIONS = YES;
				CLANG_WARN_DIRECT_OBJC_ISA_USAGE = YES_ERROR;
				CLANG_WARN_DOCUMENTATION_COMMENTS = YES;
				CLANG_WARN_EMPTY_BODY = YES;
				CLANG_WARN_ENUM_CONVERSION = YES;
				CLANG_WARN_INFINITE_RECURSION = YES;
				CLANG_WARN_INT_CONVERSION = YES;
				CLANG_WARN_NON_LITERAL_NULL_CONVERSION = YES;
				CLANG_WARN_OBJC_IMPLICIT_RETAIN_SELF = YES;
				CLANG_WARN_OBJC_LITERAL_CONVERSION = YES;
				CLANG_WARN_OBJC_ROOT_CLASS = YES_ERROR;
				CLANG_WARN_RANGE_LOOP_ANALYSIS = YES;
				CLANG_WARN_STRICT_PROTOTYPES = YES;
				CLANG_WARN_SUSPICIOUS_MOVE = YES;
				CLANG_WARN_UNGUARDED_AVAILABILITY = YES_AGGRESSIVE;
				CLANG_WARN_UNREACHABLE_CODE = YES;
				CLANG_WARN__DUPLICATE_METHOD_MATCH = YES;
				CODE_SIGN_IDENTITY = "iPhone Developer";
				COPY_PHASE_STRIP = NO;
				DEBUG_INFORMATION_FORMAT = "dwarf-with-dsym";
				ENABLE_NS_ASSERTIONS = NO;
				ENABLE_STRICT_OBJC_MSGSEND = YES;
				GCC_C_LANGUAGE_STANDARD = gnu11;
				GCC_NO_COMMON_BLOCKS = YES;
				GCC_WARN_64_TO_32_BIT_CONVERSION = YES;
				GCC_WARN_ABOUT_RETURN_TYPE = YES_ERROR;
				GCC_WARN_UNDECLARED_SELECTOR = YES;
				GCC_WARN_UNINITIALIZED_AUTOS = YES_AGGRESSIVE;
				GCC_WARN_UNUSED_FUNCTION = YES;
				GCC_WARN_UNUSED_VARIABLE = YES;
				IPHONEOS_DEPLOYMENT_TARGET = 12.4;
				MTL_ENABLE_DEBUG_INFO = NO;
				MTL_FAST_MATH = YES;
				SDKROOT = iphoneos;
				SWIFT_COMPILATION_MODE = wholemodule;
				SWIFT_OPTIMIZATION_LEVEL = "-O";
				VALIDATE_PRODUCT = YES;
			};
			name = Release;
		};
		8583FC5A22F0BFC200057DB8 /* Debug */ = {
			isa = XCBuildConfiguration;
			buildSettings = {
				ASSETCATALOG_COMPILER_APPICON_NAME = AppIcon;
				CODE_SIGN_STYLE = Automatic;
				INFOPLIST_FILE = colorGuessingGame/Info.plist;
				LD_RUNPATH_SEARCH_PATHS = (
					"$(inherited)",
					"@executable_path/Frameworks",
				);
				PRODUCT_BUNDLE_IDENTIFIER = practice.colorGuessingGame;
				PRODUCT_NAME = "$(TARGET_NAME)";
				SWIFT_VERSION = 5.0;
				TARGETED_DEVICE_FAMILY = "1,2";
			};
			name = Debug;
		};
		8583FC5B22F0BFC200057DB8 /* Release */ = {
			isa = XCBuildConfiguration;
			buildSettings = {
				ASSETCATALOG_COMPILER_APPICON_NAME = AppIcon;
				CODE_SIGN_STYLE = Automatic;
				INFOPLIST_FILE = colorGuessingGame/Info.plist;
				LD_RUNPATH_SEARCH_PATHS = (
					"$(inherited)",
					"@executable_path/Frameworks",
				);
				PRODUCT_BUNDLE_IDENTIFIER = practice.colorGuessingGame;
				PRODUCT_NAME = "$(TARGET_NAME)";
				SWIFT_VERSION = 5.0;
				TARGETED_DEVICE_FAMILY = "1,2";
			};
			name = Release;
		};
		8583FC5D22F0BFC200057DB8 /* Debug */ = {
			isa = XCBuildConfiguration;
			buildSettings = {
				ALWAYS_EMBED_SWIFT_STANDARD_LIBRARIES = YES;
				BUNDLE_LOADER = "$(TEST_HOST)";
				CODE_SIGN_STYLE = Automatic;
				INFOPLIST_FILE = colorGuessingGameTests/Info.plist;
				LD_RUNPATH_SEARCH_PATHS = (
					"$(inherited)",
					"@executable_path/Frameworks",
					"@loader_path/Frameworks",
				);
				PRODUCT_BUNDLE_IDENTIFIER = practice.colorGuessingGameTests;
				PRODUCT_NAME = "$(TARGET_NAME)";
				SWIFT_VERSION = 5.0;
				TARGETED_DEVICE_FAMILY = "1,2";
				TEST_HOST = "$(BUILT_PRODUCTS_DIR)/colorGuessingGame.app/colorGuessingGame";
			};
			name = Debug;
		};
		8583FC5E22F0BFC200057DB8 /* Release */ = {
			isa = XCBuildConfiguration;
			buildSettings = {
				ALWAYS_EMBED_SWIFT_STANDARD_LIBRARIES = YES;
				BUNDLE_LOADER = "$(TEST_HOST)";
				CODE_SIGN_STYLE = Automatic;
				INFOPLIST_FILE = colorGuessingGameTests/Info.plist;
				LD_RUNPATH_SEARCH_PATHS = (
					"$(inherited)",
					"@executable_path/Frameworks",
					"@loader_path/Frameworks",
				);
				PRODUCT_BUNDLE_IDENTIFIER = practice.colorGuessingGameTests;
				PRODUCT_NAME = "$(TARGET_NAME)";
				SWIFT_VERSION = 5.0;
				TARGETED_DEVICE_FAMILY = "1,2";
				TEST_HOST = "$(BUILT_PRODUCTS_DIR)/colorGuessingGame.app/colorGuessingGame";
			};
			name = Release;
		};
		8583FC6022F0BFC200057DB8 /* Debug */ = {
			isa = XCBuildConfiguration;
			buildSettings = {
				ALWAYS_EMBED_SWIFT_STANDARD_LIBRARIES = YES;
				CODE_SIGN_STYLE = Automatic;
				INFOPLIST_FILE = colorGuessingGameUITests/Info.plist;
				LD_RUNPATH_SEARCH_PATHS = (
					"$(inherited)",
					"@executable_path/Frameworks",
					"@loader_path/Frameworks",
				);
				PRODUCT_BUNDLE_IDENTIFIER = practice.colorGuessingGameUITests;
				PRODUCT_NAME = "$(TARGET_NAME)";
				SWIFT_VERSION = 5.0;
				TARGETED_DEVICE_FAMILY = "1,2";
				TEST_TARGET_NAME = colorGuessingGame;
			};
			name = Debug;
		};
		8583FC6122F0BFC200057DB8 /* Release */ = {
			isa = XCBuildConfiguration;
			buildSettings = {
				ALWAYS_EMBED_SWIFT_STANDARD_LIBRARIES = YES;
				CODE_SIGN_STYLE = Automatic;
				INFOPLIST_FILE = colorGuessingGameUITests/Info.plist;
				LD_RUNPATH_SEARCH_PATHS = (
					"$(inherited)",
					"@executable_path/Frameworks",
					"@loader_path/Frameworks",
				);
				PRODUCT_BUNDLE_IDENTIFIER = practice.colorGuessingGameUITests;
				PRODUCT_NAME = "$(TARGET_NAME)";
				SWIFT_VERSION = 5.0;
				TARGETED_DEVICE_FAMILY = "1,2";
				TEST_TARGET_NAME = colorGuessingGame;
			};
			name = Release;
		};
/* End XCBuildConfiguration section */

/* Begin XCConfigurationList section */
		8583FC2C22F0BFC000057DB8 /* Build configuration list for PBXProject "colorGuessingGame" */ = {
			isa = XCConfigurationList;
			buildConfigurations = (
				8583FC5722F0BFC200057DB8 /* Debug */,
				8583FC5822F0BFC200057DB8 /* Release */,
			);
			defaultConfigurationIsVisible = 0;
			defaultConfigurationName = Release;
		};
		8583FC5922F0BFC200057DB8 /* Build configuration list for PBXNativeTarget "colorGuessingGame" */ = {
			isa = XCConfigurationList;
			buildConfigurations = (
				8583FC5A22F0BFC200057DB8 /* Debug */,
				8583FC5B22F0BFC200057DB8 /* Release */,
			);
			defaultConfigurationIsVisible = 0;
			defaultConfigurationName = Release;
		};
		8583FC5C22F0BFC200057DB8 /* Build configuration list for PBXNativeTarget "colorGuessingGameTests" */ = {
			isa = XCConfigurationList;
			buildConfigurations = (
				8583FC5D22F0BFC200057DB8 /* Debug */,
				8583FC5E22F0BFC200057DB8 /* Release */,
			);
			defaultConfigurationIsVisible = 0;
			defaultConfigurationName = Release;
		};
		8583FC5F22F0BFC200057DB8 /* Build configuration list for PBXNativeTarget "colorGuessingGameUITests" */ = {
			isa = XCConfigurationList;
			buildConfigurations = (
				8583FC6022F0BFC200057DB8 /* Debug */,
				8583FC6122F0BFC200057DB8 /* Release */,
			);
			defaultConfigurationIsVisible = 0;
			defaultConfigurationName = Release;
		};
/* End XCConfigurationList section */
	};
	rootObject = 8583FC2922F0BFC000057DB8 /* Project object */;
}
